
Microsoft Visual Studio Solution File, Format Version 12.00
# Visual Studio Version 16
VisualStudioVersion = 16.0.30330.147
MinimumVisualStudioVersion = 10.0.40219.1
Project("{FAE04EC0-301F-11D3-BF4B-00C04F79EFBC}") = "Sumar", "Sumar\Sumar.csproj", "{FCEE9625-E161-4D6B-A4A7-A07AB1713199}"
EndProject
Global
	GlobalSection(SolutionConfigurationPlatforms) = preSolution
		Debug|Any CPU = Debug|Any CPU
		Release|Any CPU = Release|Any CPU
	EndGlobalSection
	GlobalSection(ProjectConfigurationPlatforms) = postSolution
		{FCEE9625-E161-4D6B-A4A7-A07AB1713199}.Debug|Any CPU.ActiveCfg = Debug|Any CPU
		{FCEE9625-E161-4D6B-A4A7-A07AB1713199}.Debug|Any CPU.Build.0 = Debug|Any CPU
		{FCEE9625-E161-4D6B-A4A7-A07AB1713199}.Release|Any CPU.ActiveCfg = Release|Any CPU
		{FCEE9625-E161-4D6B-A4A7-A07AB1713199}.Release|Any CPU.Build.0 = Release|Any CPU
	EndGlobalSection
	GlobalSection(SolutionProperties) = preSolution
		HideSolutionNode = FALSE
	EndGlobalSection
	GlobalSection(ExtensibilityGlobals) = postSolution
		SolutionGuid = {D257E93E-A37C-40C9-B1CB-56593601E1C4}
	EndGlobalSection
EndGlobal
